
Microsoft Visual Studio Solution File, Format Version 12.00
# Visual Studio Version 16
VisualStudioVersion = 16.0.32428.217
MinimumVisualStudioVersion = 10.0.40219.1
Project("{FAE04EC0-301F-11D3-BF4B-00C04F79EFBC}") = "GraphQLCore", "GraphQLCore\GraphQLCore.csproj", "{6FEC6FC7-A2D2-4993-9A01-C957FD05E5C6}"
EndProject
Global
	GlobalSection(SolutionConfigurationPlatforms) = preSolution
		Debug|Any CPU = Debug|Any CPU
		Release|Any CPU = Release|Any CPU
	EndGlobalSection
	GlobalSection(ProjectConfigurationPlatforms) = postSolution
		{6FEC6FC7-A2D2-4993-9A01-C957FD05E5C6}.Debug|Any CPU.ActiveCfg = Debug|Any CPU
		{6FEC6FC7-A2D2-4993-9A01-C957FD05E5C6}.Debug|Any CPU.Build.0 = Debug|Any CPU
		{6FEC6FC7-A2D2-4993-9A01-C957FD05E5C6}.Release|Any CPU.ActiveCfg = Release|Any CPU
		{6FEC6FC7-A2D2-4993-9A01-C957FD05E5C6}.Release|Any CPU.Build.0 = Release|Any CPU
	EndGlobalSection
	GlobalSection(SolutionProperties) = preSolution
		HideSolutionNode = FALSE
	EndGlobalSection
	GlobalSection(ExtensibilityGlobals) = postSolution
		SolutionGuid = {1D744A2A-46BF-45A1-A9E8-E7768EB685F3}
	EndGlobalSection
EndGlobal
